lockfileVersion: '9.0'

settings:
  autoInstallPeers: true
  excludeLinksFromLockfile: false

importers:

  .:
    dependencies:
      mousetrap:
        specifier: 1.6.5
        version: 1.6.5
      react:
        specifier: 19.2.7
        version: 19.2.7
      react-dom:
        specifier: 19.2.7
        version: 19.2.7(react@19.2.7)
      the-new-css-reset:
        specifier: 1.11.3
        version: 1.11.3
    devDependencies:
      '@types/react':
        specifier: 19.2.17
        version: 19.2.17
      '@types/react-dom':
        specifier: 19.2.3
        version: 19.2.3(@types/react@19.2.17)
      buffer:
        specifier: 6.0.3
        version: 6.0.3
      os-browserify:
        specifier: ^0.3.0
        version: 0.3.0
      path-browserify:
        specifier: ^1.0.1
        version: 1.0.1
      process:
        specifier: ^0.11.10
        version: 0.11.10

packages:

  '@types/react-dom@19.2.3':
    resolution: {integrity: sha512-jp2L/eY6fn+KgVVQAOqYItbF0VY/YApe5Mz2F0aykSO8gx31bYCZyvSeYxCHKvzHG5eZjc+zyaS5BrBWya2+kQ==}
    peerDependencies:
      '@types/react': ^19.2.0

  '@types/react@19.2.17':
    resolution: {integrity: sha512-MXfmqaVPEVgkBT/aY0aGCkRWWtByiYQXo3xdQ8r5RzuFrPiRn8Gar2tQdXSUQ2GKV3bkXckek89V8wQBY2Q/Aw==}

  base64-js@1.5.1:
    resolution: {integrity: sha512-AKpaYlHn8t4SVbOHCy+b5+KKgvR4vrsD8vbvrbiQJps7fKDTkjkDry6ji0rUJjC0kzbNePLwzxq8iypo41qeWA==}

  buffer@6.0.3:
    resolution: {integrity: sha512-FTiCpNxtwiZZHEZbcbTIcZjERVICn9yq/pDFkTl95/AxzD1naBctN7YO68riM/gLSDY7sdrMby8hofADYuuqOA==}

  csstype@3.2.3:
    resolution: {integrity: sha512-z1HGKcYy2xA8AGQfwrn0PAy+PB7X/GSj3UVJW9qKyn43xWa+gl5nXmU4qqLMRzWVLFC8KusUX8T/0kCiOYpAIQ==}

  ieee754@1.2.1:
    resolution: {integrity: sha512-dcyqhDvX1C46lXZcVqCpK+FtMRQVdIMN6/Df5js2zouUsqG7I6sFxitIC+7KYK29KdXOLHdu9zL4sFnoVQnqaA==}

  mousetrap@1.6.5:
    resolution: {integrity: sha512-QNo4kEepaIBwiT8CDhP98umTetp+JNfQYBWvC1pc6/OAibuXtRcxZ58Qz8skvEHYvURne/7R8T5VoOI7rDsEUA==}

  os-browserify@0.3.0:
    resolution: {integrity: sha512-gjcpUc3clBf9+210TRaDWbf+rZZZEshZ+DlXMRCeAjp0xhTrnQsKHypIy1J3d5hKdUzj69t708EHtU8P6bUn0A==}

  path-browserify@1.0.1:
    resolution: {integrity: sha512-b7uo2UCUOYZcnF/3ID0lulOJi/bafxa1xPe7ZPsammBSpjSWQkjNxlt635YGS2MiR9GjvuXCtz2emr3jbsz98g==}

  process@0.11.10:
    resolution: {integrity: sha512-cdGef/drWFoydD1JsMzuFf8100nZl+GT+yacc2bEced5f9Rjk4z+WtFUTBu9PhOi9j/jfmBPu0mMEY4wIdAF8A==}
    engines: {node: '>= 0.6.0'}

  react-dom@19.2.7:
    resolution: {integrity: sha512-t0BRVXvbiE/o20Hfw669rLbMCDWtYZLvmJigy2f0MxsXF+71pxhR3xOkspmsO8h3ZlNzyibAmtCa3l4lYKk6gQ==}
    peerDependencies:
      react: ^19.2.7

  react@19.2.7:
    resolution: {integrity: sha512-HNe9WslTbXmFK8o8cmwgAeJFSBvt1bPdHCVKtaaV+WlAN36mpT4hcRpwbf3fY56ar2oIXzsBpOAiIRHAdY0OlQ==}
    engines: {node: '>=0.10.0'}

  scheduler@0.27.0:
    resolution: {integrity: sha512-eNv+WrVbKu1f3vbYJT/xtiF5syA5HPIMtf9IgY/nKg0sWqzAUEvqY/xm7OcZc/qafLx/iO9FgOmeSAp4v5ti/Q==}

  the-new-css-reset@1.11.3:
    resolution: {integrity: sha512-61SB81vu9foUyEIqoU1CeqxrdlsVjJojj/CBXoG8BdvlKFsllB0Rza63DblnRqH+3uttPj3FGWo7+c9nu7MT+A==}

snapshots:

  '@types/react-dom@19.2.3(@types/react@19.2.17)':
    dependencies:
      '@types/react': 19.2.17

  '@types/react@19.2.17':
    dependencies:
      csstype: 3.2.3

  base64-js@1.5.1: {}

  buffer@6.0.3:
    dependencies:
      base64-js: 1.5.1
      ieee754: 1.2.1

  csstype@3.2.3: {}

  ieee754@1.2.1: {}

  mousetrap@1.6.5: {}

  os-browserify@0.3.0: {}

  path-browserify@1.0.1: {}

  process@0.11.10: {}

  react-dom@19.2.7(react@19.2.7):
    dependencies:
      react: 19.2.7
      scheduler: 0.27.0

  react@19.2.7: {}

  scheduler@0.27.0: {}

  the-new-css-reset@1.11.3: {}

time: {}
