lockfileVersion: '9.0'

settings:
  autoInstallPeers: true
  excludeLinksFromLockfile: false

importers:

  .: {}

  backend:
    dependencies:
      patchright:
        specifier: ^1.57.0
        version: 1.57.0

packages:

  fsevents@2.3.2:
    resolution: {integrity: sha512-xiqMQR4xAeHTuB9uWm+fFRcIOgKBMiOBP+eXiyT7jsgVCq1bkVygt00oASowB7EdtpOHaaPgKt812P9ab+DDKA==}
    engines: {node: ^8.16.0 || ^10.6.0 || >=11.0.0}
    os: [darwin]

  patchright-core@1.57.0:
    resolution: {integrity: sha512-um/9Wue7IFAa9UDLacjNgDn62ub5GJe1b1qouvYpELIF9rsFVMNhRo/rRXYajupLwp5xKJ0sSjOV6sw8/HarBQ==}
    engines: {node: '>=18'}
    hasBin: true

  patchright@1.57.0:
    resolution: {integrity: sha512-pxbI/D65QiFuCY3qUXKQONRhplR3rkYFhry5ieimEbzLNxu/xfOYizQRyuMgc6F5ZoZ37QNIwZz9PWEfn6aC1Q==}
    engines: {node: '>=18'}
    hasBin: true

snapshots:

  fsevents@2.3.2:
    optional: true

  patchright-core@1.57.0: {}

  patchright@1.57.0:
    dependencies:
      patchright-core: 1.57.0
    optionalDependencies:
      fsevents: 2.3.2
