lockfileVersion: '9.0'

settings:
  autoInstallPeers: true
  excludeLinksFromLockfile: false

importers:

  .:
    dependencies:
      '@hono/node-server':
        specifier: 2.0.8
        version: 2.0.8(hono@4.12.27)
      hono:
        specifier: 4.12.27
        version: 4.12.27
      serve-static:
        specifier: link:@hono/node-server/serve-static
        version: link:@hono/node-server/serve-static

packages:

  '@hono/node-server@2.0.8':
    resolution: {integrity: sha512-GuCWzLxwg218fy1JaHculFsdcuY12hxit83V+algozTPnwhNjLrRL/Alg9OYjLZLoUZ1rw/S4CdTMsnkSKCmFA==}
    engines: {node: '>=20'}
    peerDependencies:
      hono: ^4

  hono@4.12.27:
    resolution: {integrity: sha512-1yrb/+w6HWQJrUCLkJ2IF5jNIPvvFkblV5RNOYl6bV+OA6p9GLcMpHFFGTosSvHvcAUibuUukRqhlYI4z32C7Q==}
    engines: {node: '>=16.9.0'}

snapshots:

  '@hono/node-server@2.0.8(hono@4.12.27)':
    dependencies:
      hono: 4.12.27

  hono@4.12.27: {}

time: {}
